
Microsoft Visual Studio Solution File, Format Version 12.00
# Visual Studio Version 17
VisualStudioVersion = 17.0.31903.59
MinimumVisualStudioVersion = 10.0.40219.1
Project("{2150E333-8FDC-42A3-9474-1A3956D46DE8}") = "src", "src", "{10D97319-62DA-4030-987A-848145DE0477}"
	ProjectSection(SolutionItems) = preProject
		src\Directory.Build.props = src\Directory.Build.props
	EndProjectSection
EndProject
Project("{9A19103F-16F7-4668-BE54-9A1E7A4F7556}") = "TinyHotKey", "src\TinyHotKey\TinyHotKey.csproj", "{E82144AC-E66C-4DB1-B16A-37DEB9F3C6A5}"
EndProject
Project("{2150E333-8FDC-42A3-9474-1A3956D46DE8}") = "samples", "samples", "{F1F42412-2C32-485E-AC81-0A5093D4DB23}"
	ProjectSection(SolutionItems) = preProject
		samples\Directory.Build.props = samples\Directory.Build.props
	EndProjectSection
EndProject
Project("{9A19103F-16F7-4668-BE54-9A1E7A4F7556}") = "ConsoleApp", "samples\ConsoleApp\ConsoleApp.csproj", "{D16AA930-07B4-4AC7-A52A-822CFE44C20C}"
EndProject
Global
	GlobalSection(SolutionConfigurationPlatforms) = preSolution
		Debug|Any CPU = Debug|Any CPU
		Release|Any CPU = Release|Any CPU
	EndGlobalSection
	GlobalSection(ProjectConfigurationPlatforms) = postSolution
		{E82144AC-E66C-4DB1-B16A-37DEB9F3C6A5}.Debug|Any CPU.ActiveCfg = Debug|Any CPU
		{E82144AC-E66C-4DB1-B16A-37DEB9F3C6A5}.Debug|Any CPU.Build.0 = Debug|Any CPU
		{E82144AC-E66C-4DB1-B16A-37DEB9F3C6A5}.Release|Any CPU.ActiveCfg = Release|Any CPU
		{E82144AC-E66C-4DB1-B16A-37DEB9F3C6A5}.Release|Any CPU.Build.0 = Release|Any CPU
		{D16AA930-07B4-4AC7-A52A-822CFE44C20C}.Debug|Any CPU.ActiveCfg = Debug|Any CPU
		{D16AA930-07B4-4AC7-A52A-822CFE44C20C}.Debug|Any CPU.Build.0 = Debug|Any CPU
		{D16AA930-07B4-4AC7-A52A-822CFE44C20C}.Release|Any CPU.ActiveCfg = Release|Any CPU
		{D16AA930-07B4-4AC7-A52A-822CFE44C20C}.Release|Any CPU.Build.0 = Release|Any CPU
	EndGlobalSection
	GlobalSection(SolutionProperties) = preSolution
		HideSolutionNode = FALSE
	EndGlobalSection
	GlobalSection(NestedProjects) = preSolution
		{E82144AC-E66C-4DB1-B16A-37DEB9F3C6A5} = {10D97319-62DA-4030-987A-848145DE0477}
		{D16AA930-07B4-4AC7-A52A-822CFE44C20C} = {F1F42412-2C32-485E-AC81-0A5093D4DB23}
	EndGlobalSection
	GlobalSection(ExtensibilityGlobals) = postSolution
		SolutionGuid = {125F4D6B-46C8-48A5-94A8-EE81B731CCE5}
	EndGlobalSection
EndGlobal
